
Microsoft Visual Studio Solution File, Format Version 12.00
# Visual Studio Version 17
VisualStudioVersion = 17.5.33530.505
MinimumVisualStudioVersion = 10.0.40219.1
Project("{FAE04EC0-301F-11D3-BF4B-00C04F79EFBC}") = "WinFormsApp1", "WinFormsApp1\WinFormsApp1.csproj", "{5E9172B7-52B6-4D96-B70F-2A35C770E059}"
EndProject
Global
	GlobalSection(SolutionConfigurationPlatforms) = preSolution
		Debug|Any CPU = Debug|Any CPU
		Release|Any CPU = Release|Any CPU
	EndGlobalSection
	GlobalSection(ProjectConfigurationPlatforms) = postSolution
		{5E9172B7-52B6-4D96-B70F-2A35C770E059}.Debug|Any CPU.ActiveCfg = Debug|Any CPU
		{5E9172B7-52B6-4D96-B70F-2A35C770E059}.Debug|Any CPU.Build.0 = Debug|Any CPU
		{5E9172B7-52B6-4D96-B70F-2A35C770E059}.Release|Any CPU.ActiveCfg = Release|Any CPU
		{5E9172B7-52B6-4D96-B70F-2A35C770E059}.Release|Any CPU.Build.0 = Release|Any CPU
	EndGlobalSection
	GlobalSection(SolutionProperties) = preSolution
		HideSolutionNode = FALSE
	EndGlobalSection
	GlobalSection(ExtensibilityGlobals) = postSolution
		SolutionGuid = {D47BE1B6-46E4-47F5-A58C-1A88F2DAF2AC}
	EndGlobalSection
EndGlobal
